
Microsoft Visual Studio Solution File, Format Version 12.00
# Visual Studio Version 17
VisualStudioVersion = 17.14.36109.1
MinimumVisualStudioVersion = 10.0.40219.1
Project("{FAE04EC0-301F-11D3-BF4B-00C04F79EFBC}") = "Infrastructure.Services.Abstractions", "Core\Infrastructure\Service\Infrastructure.Services.Abstractions\Infrastructure.Services.Abstractions.csproj", "{19B8DB26-0036-3344-3CB1-525498E7DEB6}"
EndProject
Project("{2150E333-8FDC-42A3-9474-1A3956D46DE8}") = "Core", "Core", "{FBF56CC3-7AE6-AD2D-3F14-7F97FD322CD6}"
EndProject
Project("{2150E333-8FDC-42A3-9474-1A3956D46DE8}") = "Application", "Application", "{E12A579A-FC4D-036E-FC04-65A50936A0DE}"
EndProject
Project("{FAE04EC0-301F-11D3-BF4B-00C04F79EFBC}") = "Application", "Core\Application\Application\Application.csproj", "{36F033D6-73E6-46EE-943C-B84A41EAF744}"
EndProject
Project("{FAE04EC0-301F-11D3-BF4B-00C04F79EFBC}") = "Application.Shared", "Core\Application\Application.Shared\Application.Shared.csproj", "{07181DC8-08C3-4FE0-BFDE-3033C47D98B6}"
EndProject
Project("{2150E333-8FDC-42A3-9474-1A3956D46DE8}") = "Domain", "Domain", "{BF9E48C0-540A-8659-238F-508DAA36C929}"
EndProject
Project("{FAE04EC0-301F-11D3-BF4B-00C04F79EFBC}") = "Domain", "Core\Domain\Domain\Domain.csproj", "{A96C90D5-FF26-4388-B4DA-6D5828ED7EED}"
EndProject
Project("{FAE04EC0-301F-11D3-BF4B-00C04F79EFBC}") = "Domain.Shared", "Core\Domain\Domain.Shared\Domain.Shared.csproj", "{0DE9EBC5-61C8-41CB-BD59-15D45A85F82A}"
EndProject
Project("{2150E333-8FDC-42A3-9474-1A3956D46DE8}") = "Infrastructure", "Infrastructure", "{619D0779-12AD-93E9-9F71-8F763DE1FC31}"
EndProject
Project("{2150E333-8FDC-42A3-9474-1A3956D46DE8}") = "Service", "Service", "{0E4B76DB-2928-D2DB-50E7-675EC558DD98}"
EndProject
Project("{2150E333-8FDC-42A3-9474-1A3956D46DE8}") = "Modules", "Modules", "{91A7548F-05EA-7896-024B-6AB04DE2FD94}"
EndProject
Project("{2150E333-8FDC-42A3-9474-1A3956D46DE8}") = "Authentication", "Authentication", "{CBEE9053-C2C5-5643-D2B0-60D4834AB7A5}"
EndProject
Project("{FAE04EC0-301F-11D3-BF4B-00C04F79EFBC}") = "Modules.Authentication.Abstractions", "Core\Modules\Authentication\Modules.Authentication.Abstractions\Modules.Authentication.Abstractions.csproj", "{22992788-451D-4587-8A74-AF3B0B9B084D}"
EndProject
Project("{2150E333-8FDC-42A3-9474-1A3956D46DE8}") = "Document", "Document", "{893DE683-2FE6-C899-4E91-2339C7704BB2}"
EndProject
Project("{FAE04EC0-301F-11D3-BF4B-00C04F79EFBC}") = "Modules.Document.Abstractions", "Core\Modules\Document\Modules.Document.Abstractions\Modules.Document.Abstractions.csproj", "{D2F99286-8BC6-417F-8BD7-D5FD146EC1FE}"
EndProject
Project("{2150E333-8FDC-42A3-9474-1A3956D46DE8}") = "Localization", "Localization", "{58BB8306-9DA0-86C6-6588-4C1B93D37A3C}"
EndProject
Project("{FAE04EC0-301F-11D3-BF4B-00C04F79EFBC}") = "Modules.Localization.Abstractions", "Core\Modules\Localization\Modules.Localization.Abstractions\Modules.Localization.Abstractions.csproj", "{EFF7F836-4F1C-443E-BAFD-A779E5D02262}"
EndProject
Project("{2150E333-8FDC-42A3-9474-1A3956D46DE8}") = "Storage", "Storage", "{5437001E-71C5-7795-427E-12516BF3DE48}"
EndProject
Project("{FAE04EC0-301F-11D3-BF4B-00C04F79EFBC}") = "Modules.Storage.Abstractions", "Core\Modules\Storage\Modules.Storage.Abstractions\Modules.Storage.Abstractions.csproj", "{950E01A9-F3DD-43E2-9B39-AC829E510C24}"
EndProject
Project("{FAE04EC0-301F-11D3-BF4B-00C04F79EFBC}") = "Modules.Storage.Azure", "Core\Modules\Storage\Modules.Storage.Azure\Modules.Storage.Azure.csproj", "{674E1C39-CD48-4E40-983A-635B8C910368}"
EndProject
Project("{FAE04EC0-301F-11D3-BF4B-00C04F79EFBC}") = "Modules.Storage.Local", "Core\Modules\Storage\Modules.Storage.Local\Modules.Storage.Local.csproj", "{9CB9871A-74EE-40A5-B65B-7F1F89815089}"
EndProject
Project("{2150E333-8FDC-42A3-9474-1A3956D46DE8}") = "Web", "Web", "{86927433-4498-5B57-4B9A-98E7BAB0594A}"
EndProject
Project("{FAE04EC0-301F-11D3-BF4B-00C04F79EFBC}") = "Web.Api.Common", "Core\Web\Web.Api.Common\Web.Api.Common.csproj", "{4652C004-A38D-4F48-B9B4-99B4E2ACE768}"
EndProject
Project("{FAE04EC0-301F-11D3-BF4B-00C04F79EFBC}") = "Web.Common", "Core\Web\Web.Common\Web.Common.csproj", "{4E0EE599-5AAE-4FC7-B4B9-7E724EF4A02F}"
EndProject
Project("{2150E333-8FDC-42A3-9474-1A3956D46DE8}") = "Business", "Business", "{C86BFEDD-325B-49FF-A042-B8C56FDC7436}"
EndProject
Project("{2150E333-8FDC-42A3-9474-1A3956D46DE8}") = "Infrastructure", "Infrastructure", "{02EA681E-C7D8-13C7-8484-4AC65E1B71E8}"
EndProject
Project("{2150E333-8FDC-42A3-9474-1A3956D46DE8}") = "API", "API", "{5908E537-FB44-4BA6-8664-85F07036B885}"
EndProject
Project("{2150E333-8FDC-42A3-9474-1A3956D46DE8}") = "Context", "Context", "{B9F6BBCE-786F-4563-A5E5-E7E37199D9F4}"
EndProject
Project("{2150E333-8FDC-42A3-9474-1A3956D46DE8}") = "Services", "Services", "{095322B7-443B-4B93-9C4C-DB6AFE4A11A1}"
EndProject
Project("{2150E333-8FDC-42A3-9474-1A3956D46DE8}") = "Data", "Data", "{DF62746D-1FFF-4A63-906B-0FA2CBFDFEE9}"
EndProject
Project("{2150E333-8FDC-42A3-9474-1A3956D46DE8}") = "Tests", "Tests", "{F59CDF19-4EF2-4A71-B373-D1D7408158D7}"
EndProject
Project("{2150E333-8FDC-42A3-9474-1A3956D46DE8}") = "Web", "Web", "{5D943D71-FDBB-40EC-B60D-48271607A16C}"
EndProject
Project("{FAE04EC0-301F-11D3-BF4B-00C04F79EFBC}") = "BusinessA.Application", "BusinessA.Application\BusinessA.Application.csproj", "{7EFC69AA-9CC6-4314-9AB7-F04B2D393ADE}"
EndProject
Project("{FAE04EC0-301F-11D3-BF4B-00C04F79EFBC}") = "BusinessA.Domain", "BusinessA.Domain\BusinessA.Domain.csproj", "{5C691E48-3EF3-4642-8944-3197711A9FAE}"
EndProject
Project("{FAE04EC0-301F-11D3-BF4B-00C04F79EFBC}") = "BusinessA.Api", "BusinessA.Api\BusinessA.Api.csproj", "{24BB1521-4546-C57F-4285-6704E5A42520}"
EndProject
Project("{FAE04EC0-301F-11D3-BF4B-00C04F79EFBC}") = "BusinessA.EFCore", "BusinessA.EFCore\BusinessA.EFCore.csproj", "{4D3E603D-EA7D-4586-AC95-9C3CE3717721}"
EndProject
Project("{FAE04EC0-301F-11D3-BF4B-00C04F79EFBC}") = "BusinessA.Repository", "BusinessA.Repository\BusinessA.Repository.csproj", "{B316E85B-1171-4791-8DBE-23412F05D60B}"
EndProject
Project("{FAE04EC0-301F-11D3-BF4B-00C04F79EFBC}") = "BusinessA.Web.Admin", "BusinessA.Web.Admin\BusinessA.Web.Admin.csproj", "{AC3999CA-4D11-4044-9235-477FB3719CBC}"
EndProject
Project("{FAE04EC0-301F-11D3-BF4B-00C04F79EFBC}") = "BusinessA.Web", "BusinessA.Web\BusinessA.Web.csproj", "{0CAD7ECD-E55E-4447-AC98-A6893C903CC0}"
EndProject
Project("{2150E333-8FDC-42A3-9474-1A3956D46DE8}") = "Unit", "Unit", "{6B3B5F84-D5A2-49A9-89C6-2D6D9115D5EA}"
EndProject
Project("{2150E333-8FDC-42A3-9474-1A3956D46DE8}") = "Integration", "Integration", "{CFFAB233-F9D1-40A2-BF33-E34569E3AC8C}"
EndProject
Project("{FAE04EC0-301F-11D3-BF4B-00C04F79EFBC}") = "BusinessA.Application.Tests", "BusinessA.Application.Tests\BusinessA.Application.Tests.csproj", "{C5C4D109-A6F6-463E-9A43-019214D86904}"
EndProject
Project("{FAE04EC0-301F-11D3-BF4B-00C04F79EFBC}") = "BusinessA.Api.Tests", "BusinessA.Api.Tests\BusinessA.Api.Tests.csproj", "{32201B38-56D9-46A1-879A-A9BA0CDEC516}"
EndProject
Global
	GlobalSection(SolutionConfigurationPlatforms) = preSolution
		Debug|Any CPU = Debug|Any CPU
		Debug|x64 = Debug|x64
		Debug|x86 = Debug|x86
		Release|Any CPU = Release|Any CPU
		Release|x64 = Release|x64
		Release|x86 = Release|x86
	EndGlobalSection
	GlobalSection(ProjectConfigurationPlatforms) = postSolution
		{19B8DB26-0036-3344-3CB1-525498E7DEB6}.Debug|Any CPU.ActiveCfg = Debug|Any CPU
		{19B8DB26-0036-3344-3CB1-525498E7DEB6}.Debug|Any CPU.Build.0 = Debug|Any CPU
		{19B8DB26-0036-3344-3CB1-525498E7DEB6}.Debug|x64.ActiveCfg = Debug|Any CPU
		{19B8DB26-0036-3344-3CB1-525498E7DEB6}.Debug|x64.Build.0 = Debug|Any CPU
		{19B8DB26-0036-3344-3CB1-525498E7DEB6}.Debug|x86.ActiveCfg = Debug|Any CPU
		{19B8DB26-0036-3344-3CB1-525498E7DEB6}.Debug|x86.Build.0 = Debug|Any CPU
		{19B8DB26-0036-3344-3CB1-525498E7DEB6}.Release|Any CPU.ActiveCfg = Release|Any CPU
		{19B8DB26-0036-3344-3CB1-525498E7DEB6}.Release|Any CPU.Build.0 = Release|Any CPU
		{19B8DB26-0036-3344-3CB1-525498E7DEB6}.Release|x64.ActiveCfg = Release|Any CPU
		{19B8DB26-0036-3344-3CB1-525498E7DEB6}.Release|x64.Build.0 = Release|Any CPU
		{19B8DB26-0036-3344-3CB1-525498E7DEB6}.Release|x86.ActiveCfg = Release|Any CPU
		{19B8DB26-0036-3344-3CB1-525498E7DEB6}.Release|x86.Build.0 = Release|Any CPU
		{36F033D6-73E6-46EE-943C-B84A41EAF744}.Debug|Any CPU.ActiveCfg = Debug|Any CPU
		{36F033D6-73E6-46EE-943C-B84A41EAF744}.Debug|Any CPU.Build.0 = Debug|Any CPU
		{36F033D6-73E6-46EE-943C-B84A41EAF744}.Debug|x64.ActiveCfg = Debug|Any CPU
		{36F033D6-73E6-46EE-943C-B84A41EAF744}.Debug|x64.Build.0 = Debug|Any CPU
		{36F033D6-73E6-46EE-943C-B84A41EAF744}.Debug|x86.ActiveCfg = Debug|Any CPU
		{36F033D6-73E6-46EE-943C-B84A41EAF744}.Debug|x86.Build.0 = Debug|Any CPU
		{36F033D6-73E6-46EE-943C-B84A41EAF744}.Release|Any CPU.ActiveCfg = Release|Any CPU
		{36F033D6-73E6-46EE-943C-B84A41EAF744}.Release|Any CPU.Build.0 = Release|Any CPU
		{36F033D6-73E6-46EE-943C-B84A41EAF744}.Release|x64.ActiveCfg = Release|Any CPU
		{36F033D6-73E6-46EE-943C-B84A41EAF744}.Release|x64.Build.0 = Release|Any CPU
		{36F033D6-73E6-46EE-943C-B84A41EAF744}.Release|x86.ActiveCfg = Release|Any CPU
		{36F033D6-73E6-46EE-943C-B84A41EAF744}.Release|x86.Build.0 = Release|Any CPU
		{07181DC8-08C3-4FE0-BFDE-3033C47D98B6}.Debug|Any CPU.ActiveCfg = Debug|Any CPU
		{07181DC8-08C3-4FE0-BFDE-3033C47D98B6}.Debug|Any CPU.Build.0 = Debug|Any CPU
		{07181DC8-08C3-4FE0-BFDE-3033C47D98B6}.Debug|x64.ActiveCfg = Debug|Any CPU
		{07181DC8-08C3-4FE0-BFDE-3033C47D98B6}.Debug|x64.Build.0 = Debug|Any CPU
		{07181DC8-08C3-4FE0-BFDE-3033C47D98B6}.Debug|x86.ActiveCfg = Debug|Any CPU
		{07181DC8-08C3-4FE0-BFDE-3033C47D98B6}.Debug|x86.Build.0 = Debug|Any CPU
		{07181DC8-08C3-4FE0-BFDE-3033C47D98B6}.Release|Any CPU.ActiveCfg = Release|Any CPU
		{07181DC8-08C3-4FE0-BFDE-3033C47D98B6}.Release|Any CPU.Build.0 = Release|Any CPU
		{07181DC8-08C3-4FE0-BFDE-3033C47D98B6}.Release|x64.ActiveCfg = Release|Any CPU
		{07181DC8-08C3-4FE0-BFDE-3033C47D98B6}.Release|x64.Build.0 = Release|Any CPU
		{07181DC8-08C3-4FE0-BFDE-3033C47D98B6}.Release|x86.ActiveCfg = Release|Any CPU
		{07181DC8-08C3-4FE0-BFDE-3033C47D98B6}.Release|x86.Build.0 = Release|Any CPU
		{A96C90D5-FF26-4388-B4DA-6D5828ED7EED}.Debug|Any CPU.ActiveCfg = Debug|Any CPU
		{A96C90D5-FF26-4388-B4DA-6D5828ED7EED}.Debug|Any CPU.Build.0 = Debug|Any CPU
		{A96C90D5-FF26-4388-B4DA-6D5828ED7EED}.Debug|x64.ActiveCfg = Debug|Any CPU
		{A96C90D5-FF26-4388-B4DA-6D5828ED7EED}.Debug|x64.Build.0 = Debug|Any CPU
		{A96C90D5-FF26-4388-B4DA-6D5828ED7EED}.Debug|x86.ActiveCfg = Debug|Any CPU
		{A96C90D5-FF26-4388-B4DA-6D5828ED7EED}.Debug|x86.Build.0 = Debug|Any CPU
		{A96C90D5-FF26-4388-B4DA-6D5828ED7EED}.Release|Any CPU.ActiveCfg = Release|Any CPU
		{A96C90D5-FF26-4388-B4DA-6D5828ED7EED}.Release|Any CPU.Build.0 = Release|Any CPU
		{A96C90D5-FF26-4388-B4DA-6D5828ED7EED}.Release|x64.ActiveCfg = Release|Any CPU
		{A96C90D5-FF26-4388-B4DA-6D5828ED7EED}.Release|x64.Build.0 = Release|Any CPU
		{A96C90D5-FF26-4388-B4DA-6D5828ED7EED}.Release|x86.ActiveCfg = Release|Any CPU
		{A96C90D5-FF26-4388-B4DA-6D5828ED7EED}.Release|x86.Build.0 = Release|Any CPU
		{0DE9EBC5-61C8-41CB-BD59-15D45A85F82A}.Debug|Any CPU.ActiveCfg = Debug|Any CPU
		{0DE9EBC5-61C8-41CB-BD59-15D45A85F82A}.Debug|Any CPU.Build.0 = Debug|Any CPU
		{0DE9EBC5-61C8-41CB-BD59-15D45A85F82A}.Debug|x64.ActiveCfg = Debug|Any CPU
		{0DE9EBC5-61C8-41CB-BD59-15D45A85F82A}.Debug|x64.Build.0 = Debug|Any CPU
		{0DE9EBC5-61C8-41CB-BD59-15D45A85F82A}.Debug|x86.ActiveCfg = Debug|Any CPU
		{0DE9EBC5-61C8-41CB-BD59-15D45A85F82A}.Debug|x86.Build.0 = Debug|Any CPU
		{0DE9EBC5-61C8-41CB-BD59-15D45A85F82A}.Release|Any CPU.ActiveCfg = Release|Any CPU
		{0DE9EBC5-61C8-41CB-BD59-15D45A85F82A}.Release|Any CPU.Build.0 = Release|Any CPU
		{0DE9EBC5-61C8-41CB-BD59-15D45A85F82A}.Release|x64.ActiveCfg = Release|Any CPU
		{0DE9EBC5-61C8-41CB-BD59-15D45A85F82A}.Release|x64.Build.0 = Release|Any CPU
		{0DE9EBC5-61C8-41CB-BD59-15D45A85F82A}.Release|x86.ActiveCfg = Release|Any CPU
		{0DE9EBC5-61C8-41CB-BD59-15D45A85F82A}.Release|x86.Build.0 = Release|Any CPU
		{22992788-451D-4587-8A74-AF3B0B9B084D}.Debug|Any CPU.ActiveCfg = Debug|Any CPU
		{22992788-451D-4587-8A74-AF3B0B9B084D}.Debug|Any CPU.Build.0 = Debug|Any CPU
		{22992788-451D-4587-8A74-AF3B0B9B084D}.Debug|x64.ActiveCfg = Debug|Any CPU
		{22992788-451D-4587-8A74-AF3B0B9B084D}.Debug|x64.Build.0 = Debug|Any CPU
		{22992788-451D-4587-8A74-AF3B0B9B084D}.Debug|x86.ActiveCfg = Debug|Any CPU
		{22992788-451D-4587-8A74-AF3B0B9B084D}.Debug|x86.Build.0 = Debug|Any CPU
		{22992788-451D-4587-8A74-AF3B0B9B084D}.Release|Any CPU.ActiveCfg = Release|Any CPU
		{22992788-451D-4587-8A74-AF3B0B9B084D}.Release|Any CPU.Build.0 = Release|Any CPU
		{22992788-451D-4587-8A74-AF3B0B9B084D}.Release|x64.ActiveCfg = Release|Any CPU
		{22992788-451D-4587-8A74-AF3B0B9B084D}.Release|x64.Build.0 = Release|Any CPU
		{22992788-451D-4587-8A74-AF3B0B9B084D}.Release|x86.ActiveCfg = Release|Any CPU
		{22992788-451D-4587-8A74-AF3B0B9B084D}.Release|x86.Build.0 = Release|Any CPU
		{D2F99286-8BC6-417F-8BD7-D5FD146EC1FE}.Debug|Any CPU.ActiveCfg = Debug|Any CPU
		{D2F99286-8BC6-417F-8BD7-D5FD146EC1FE}.Debug|Any CPU.Build.0 = Debug|Any CPU
		{D2F99286-8BC6-417F-8BD7-D5FD146EC1FE}.Debug|x64.ActiveCfg = Debug|Any CPU
		{D2F99286-8BC6-417F-8BD7-D5FD146EC1FE}.Debug|x64.Build.0 = Debug|Any CPU
		{D2F99286-8BC6-417F-8BD7-D5FD146EC1FE}.Debug|x86.ActiveCfg = Debug|Any CPU
		{D2F99286-8BC6-417F-8BD7-D5FD146EC1FE}.Debug|x86.Build.0 = Debug|Any CPU
		{D2F99286-8BC6-417F-8BD7-D5FD146EC1FE}.Release|Any CPU.ActiveCfg = Release|Any CPU
		{D2F99286-8BC6-417F-8BD7-D5FD146EC1FE}.Release|Any CPU.Build.0 = Release|Any CPU
		{D2F99286-8BC6-417F-8BD7-D5FD146EC1FE}.Release|x64.ActiveCfg = Release|Any CPU
		{D2F99286-8BC6-417F-8BD7-D5FD146EC1FE}.Release|x64.Build.0 = Release|Any CPU
		{D2F99286-8BC6-417F-8BD7-D5FD146EC1FE}.Release|x86.ActiveCfg = Release|Any CPU
		{D2F99286-8BC6-417F-8BD7-D5FD146EC1FE}.Release|x86.Build.0 = Release|Any CPU
		{EFF7F836-4F1C-443E-BAFD-A779E5D02262}.Debug|Any CPU.ActiveCfg = Debug|Any CPU
		{EFF7F836-4F1C-443E-BAFD-A779E5D02262}.Debug|Any CPU.Build.0 = Debug|Any CPU
		{EFF7F836-4F1C-443E-BAFD-A779E5D02262}.Debug|x64.ActiveCfg = Debug|Any CPU
		{EFF7F836-4F1C-443E-BAFD-A779E5D02262}.Debug|x64.Build.0 = Debug|Any CPU
		{EFF7F836-4F1C-443E-BAFD-A779E5D02262}.Debug|x86.ActiveCfg = Debug|Any CPU
		{EFF7F836-4F1C-443E-BAFD-A779E5D02262}.Debug|x86.Build.0 = Debug|Any CPU
		{EFF7F836-4F1C-443E-BAFD-A779E5D02262}.Release|Any CPU.ActiveCfg = Release|Any CPU
		{EFF7F836-4F1C-443E-BAFD-A779E5D02262}.Release|Any CPU.Build.0 = Release|Any CPU
		{EFF7F836-4F1C-443E-BAFD-A779E5D02262}.Release|x64.ActiveCfg = Release|Any CPU
		{EFF7F836-4F1C-443E-BAFD-A779E5D02262}.Release|x64.Build.0 = Release|Any CPU
		{EFF7F836-4F1C-443E-BAFD-A779E5D02262}.Release|x86.ActiveCfg = Release|Any CPU
		{EFF7F836-4F1C-443E-BAFD-A779E5D02262}.Release|x86.Build.0 = Release|Any CPU
		{950E01A9-F3DD-43E2-9B39-AC829E510C24}.Debug|Any CPU.ActiveCfg = Debug|Any CPU
		{950E01A9-F3DD-43E2-9B39-AC829E510C24}.Debug|Any CPU.Build.0 = Debug|Any CPU
		{950E01A9-F3DD-43E2-9B39-AC829E510C24}.Debug|x64.ActiveCfg = Debug|Any CPU
		{950E01A9-F3DD-43E2-9B39-AC829E510C24}.Debug|x64.Build.0 = Debug|Any CPU
		{950E01A9-F3DD-43E2-9B39-AC829E510C24}.Debug|x86.ActiveCfg = Debug|Any CPU
		{950E01A9-F3DD-43E2-9B39-AC829E510C24}.Debug|x86.Build.0 = Debug|Any CPU
		{950E01A9-F3DD-43E2-9B39-AC829E510C24}.Release|Any CPU.ActiveCfg = Release|Any CPU
		{950E01A9-F3DD-43E2-9B39-AC829E510C24}.Release|Any CPU.Build.0 = Release|Any CPU
		{950E01A9-F3DD-43E2-9B39-AC829E510C24}.Release|x64.ActiveCfg = Release|Any CPU
		{950E01A9-F3DD-43E2-9B39-AC829E510C24}.Release|x64.Build.0 = Release|Any CPU
		{950E01A9-F3DD-43E2-9B39-AC829E510C24}.Release|x86.ActiveCfg = Release|Any CPU
		{950E01A9-F3DD-43E2-9B39-AC829E510C24}.Release|x86.Build.0 = Release|Any CPU
		{674E1C39-CD48-4E40-983A-635B8C910368}.Debug|Any CPU.ActiveCfg = Debug|Any CPU
		{674E1C39-CD48-4E40-983A-635B8C910368}.Debug|Any CPU.Build.0 = Debug|Any CPU
		{674E1C39-CD48-4E40-983A-635B8C910368}.Debug|x64.ActiveCfg = Debug|Any CPU
		{674E1C39-CD48-4E40-983A-635B8C910368}.Debug|x64.Build.0 = Debug|Any CPU
		{674E1C39-CD48-4E40-983A-635B8C910368}.Debug|x86.ActiveCfg = Debug|Any CPU
		{674E1C39-CD48-4E40-983A-635B8C910368}.Debug|x86.Build.0 = Debug|Any CPU
		{674E1C39-CD48-4E40-983A-635B8C910368}.Release|Any CPU.ActiveCfg = Release|Any CPU
		{674E1C39-CD48-4E40-983A-635B8C910368}.Release|Any CPU.Build.0 = Release|Any CPU
		{674E1C39-CD48-4E40-983A-635B8C910368}.Release|x64.ActiveCfg = Release|Any CPU
		{674E1C39-CD48-4E40-983A-635B8C910368}.Release|x64.Build.0 = Release|Any CPU
		{674E1C39-CD48-4E40-983A-635B8C910368}.Release|x86.ActiveCfg = Release|Any CPU
		{674E1C39-CD48-4E40-983A-635B8C910368}.Release|x86.Build.0 = Release|Any CPU
		{9CB9871A-74EE-40A5-B65B-7F1F89815089}.Debug|Any CPU.ActiveCfg = Debug|Any CPU
		{9CB9871A-74EE-40A5-B65B-7F1F89815089}.Debug|Any CPU.Build.0 = Debug|Any CPU
		{9CB9871A-74EE-40A5-B65B-7F1F89815089}.Debug|x64.ActiveCfg = Debug|Any CPU
		{9CB9871A-74EE-40A5-B65B-7F1F89815089}.Debug|x64.Build.0 = Debug|Any CPU
		{9CB9871A-74EE-40A5-B65B-7F1F89815089}.Debug|x86.ActiveCfg = Debug|Any CPU
		{9CB9871A-74EE-40A5-B65B-7F1F89815089}.Debug|x86.Build.0 = Debug|Any CPU
		{9CB9871A-74EE-40A5-B65B-7F1F89815089}.Release|Any CPU.ActiveCfg = Release|Any CPU
		{9CB9871A-74EE-40A5-B65B-7F1F89815089}.Release|Any CPU.Build.0 = Release|Any CPU
		{9CB9871A-74EE-40A5-B65B-7F1F89815089}.Release|x64.ActiveCfg = Release|Any CPU
		{9CB9871A-74EE-40A5-B65B-7F1F89815089}.Release|x64.Build.0 = Release|Any CPU
		{9CB9871A-74EE-40A5-B65B-7F1F89815089}.Release|x86.ActiveCfg = Release|Any CPU
		{9CB9871A-74EE-40A5-B65B-7F1F89815089}.Release|x86.Build.0 = Release|Any CPU
		{4652C004-A38D-4F48-B9B4-99B4E2ACE768}.Debug|Any CPU.ActiveCfg = Debug|Any CPU
		{4652C004-A38D-4F48-B9B4-99B4E2ACE768}.Debug|Any CPU.Build.0 = Debug|Any CPU
		{4652C004-A38D-4F48-B9B4-99B4E2ACE768}.Debug|x64.ActiveCfg = Debug|Any CPU
		{4652C004-A38D-4F48-B9B4-99B4E2ACE768}.Debug|x64.Build.0 = Debug|Any CPU
		{4652C004-A38D-4F48-B9B4-99B4E2ACE768}.Debug|x86.ActiveCfg = Debug|Any CPU
		{4652C004-A38D-4F48-B9B4-99B4E2ACE768}.Debug|x86.Build.0 = Debug|Any CPU
		{4652C004-A38D-4F48-B9B4-99B4E2ACE768}.Release|Any CPU.ActiveCfg = Release|Any CPU
		{4652C004-A38D-4F48-B9B4-99B4E2ACE768}.Release|Any CPU.Build.0 = Release|Any CPU
		{4652C004-A38D-4F48-B9B4-99B4E2ACE768}.Release|x64.ActiveCfg = Release|Any CPU
		{4652C004-A38D-4F48-B9B4-99B4E2ACE768}.Release|x64.Build.0 = Release|Any CPU
		{4652C004-A38D-4F48-B9B4-99B4E2ACE768}.Release|x86.ActiveCfg = Release|Any CPU
		{4652C004-A38D-4F48-B9B4-99B4E2ACE768}.Release|x86.Build.0 = Release|Any CPU
		{4E0EE599-5AAE-4FC7-B4B9-7E724EF4A02F}.Debug|Any CPU.ActiveCfg = Debug|Any CPU
		{4E0EE599-5AAE-4FC7-B4B9-7E724EF4A02F}.Debug|Any CPU.Build.0 = Debug|Any CPU
		{4E0EE599-5AAE-4FC7-B4B9-7E724EF4A02F}.Debug|x64.ActiveCfg = Debug|Any CPU
		{4E0EE599-5AAE-4FC7-B4B9-7E724EF4A02F}.Debug|x64.Build.0 = Debug|Any CPU
		{4E0EE599-5AAE-4FC7-B4B9-7E724EF4A02F}.Debug|x86.ActiveCfg = Debug|Any CPU
		{4E0EE599-5AAE-4FC7-B4B9-7E724EF4A02F}.Debug|x86.Build.0 = Debug|Any CPU
		{4E0EE599-5AAE-4FC7-B4B9-7E724EF4A02F}.Release|Any CPU.ActiveCfg = Release|Any CPU
		{4E0EE599-5AAE-4FC7-B4B9-7E724EF4A02F}.Release|Any CPU.Build.0 = Release|Any CPU
		{4E0EE599-5AAE-4FC7-B4B9-7E724EF4A02F}.Release|x64.ActiveCfg = Release|Any CPU
		{4E0EE599-5AAE-4FC7-B4B9-7E724EF4A02F}.Release|x64.Build.0 = Release|Any CPU
		{4E0EE599-5AAE-4FC7-B4B9-7E724EF4A02F}.Release|x86.ActiveCfg = Release|Any CPU
		{4E0EE599-5AAE-4FC7-B4B9-7E724EF4A02F}.Release|x86.Build.0 = Release|Any CPU
		{7EFC69AA-9CC6-4314-9AB7-F04B2D393ADE}.Debug|Any CPU.ActiveCfg = Debug|Any CPU
		{7EFC69AA-9CC6-4314-9AB7-F04B2D393ADE}.Debug|Any CPU.Build.0 = Debug|Any CPU
		{7EFC69AA-9CC6-4314-9AB7-F04B2D393ADE}.Debug|x64.ActiveCfg = Debug|Any CPU
		{7EFC69AA-9CC6-4314-9AB7-F04B2D393ADE}.Debug|x64.Build.0 = Debug|Any CPU
		{7EFC69AA-9CC6-4314-9AB7-F04B2D393ADE}.Debug|x86.ActiveCfg = Debug|Any CPU
		{7EFC69AA-9CC6-4314-9AB7-F04B2D393ADE}.Debug|x86.Build.0 = Debug|Any CPU
		{7EFC69AA-9CC6-4314-9AB7-F04B2D393ADE}.Release|Any CPU.ActiveCfg = Release|Any CPU
		{7EFC69AA-9CC6-4314-9AB7-F04B2D393ADE}.Release|Any CPU.Build.0 = Release|Any CPU
		{7EFC69AA-9CC6-4314-9AB7-F04B2D393ADE}.Release|x64.ActiveCfg = Release|Any CPU
		{7EFC69AA-9CC6-4314-9AB7-F04B2D393ADE}.Release|x64.Build.0 = Release|Any CPU
		{7EFC69AA-9CC6-4314-9AB7-F04B2D393ADE}.Release|x86.ActiveCfg = Release|Any CPU
		{7EFC69AA-9CC6-4314-9AB7-F04B2D393ADE}.Release|x86.Build.0 = Release|Any CPU
		{5C691E48-3EF3-4642-8944-3197711A9FAE}.Debug|Any CPU.ActiveCfg = Debug|Any CPU
		{5C691E48-3EF3-4642-8944-3197711A9FAE}.Debug|Any CPU.Build.0 = Debug|Any CPU
		{5C691E48-3EF3-4642-8944-3197711A9FAE}.Debug|x64.ActiveCfg = Debug|Any CPU
		{5C691E48-3EF3-4642-8944-3197711A9FAE}.Debug|x64.Build.0 = Debug|Any CPU
		{5C691E48-3EF3-4642-8944-3197711A9FAE}.Debug|x86.ActiveCfg = Debug|Any CPU
		{5C691E48-3EF3-4642-8944-3197711A9FAE}.Debug|x86.Build.0 = Debug|Any CPU
		{5C691E48-3EF3-4642-8944-3197711A9FAE}.Release|Any CPU.ActiveCfg = Release|Any CPU
		{5C691E48-3EF3-4642-8944-3197711A9FAE}.Release|Any CPU.Build.0 = Release|Any CPU
		{5C691E48-3EF3-4642-8944-3197711A9FAE}.Release|x64.ActiveCfg = Release|Any CPU
		{5C691E48-3EF3-4642-8944-3197711A9FAE}.Release|x64.Build.0 = Release|Any CPU
		{5C691E48-3EF3-4642-8944-3197711A9FAE}.Release|x86.ActiveCfg = Release|Any CPU
		{5C691E48-3EF3-4642-8944-3197711A9FAE}.Release|x86.Build.0 = Release|Any CPU
		{24BB1521-4546-C57F-4285-6704E5A42520}.Debug|Any CPU.ActiveCfg = Debug|Any CPU
		{24BB1521-4546-C57F-4285-6704E5A42520}.Debug|Any CPU.Build.0 = Debug|Any CPU
		{24BB1521-4546-C57F-4285-6704E5A42520}.Debug|x64.ActiveCfg = Debug|Any CPU
		{24BB1521-4546-C57F-4285-6704E5A42520}.Debug|x64.Build.0 = Debug|Any CPU
		{24BB1521-4546-C57F-4285-6704E5A42520}.Debug|x86.ActiveCfg = Debug|Any CPU
		{24BB1521-4546-C57F-4285-6704E5A42520}.Debug|x86.Build.0 = Debug|Any CPU
		{24BB1521-4546-C57F-4285-6704E5A42520}.Release|Any CPU.ActiveCfg = Release|Any CPU
		{24BB1521-4546-C57F-4285-6704E5A42520}.Release|Any CPU.Build.0 = Release|Any CPU
		{24BB1521-4546-C57F-4285-6704E5A42520}.Release|x64.ActiveCfg = Release|Any CPU
		{24BB1521-4546-C57F-4285-6704E5A42520}.Release|x64.Build.0 = Release|Any CPU
		{24BB1521-4546-C57F-4285-6704E5A42520}.Release|x86.ActiveCfg = Release|Any CPU
		{24BB1521-4546-C57F-4285-6704E5A42520}.Release|x86.Build.0 = Release|Any CPU
		{4D3E603D-EA7D-4586-AC95-9C3CE3717721}.Debug|Any CPU.ActiveCfg = Debug|Any CPU
		{4D3E603D-EA7D-4586-AC95-9C3CE3717721}.Debug|Any CPU.Build.0 = Debug|Any CPU
		{4D3E603D-EA7D-4586-AC95-9C3CE3717721}.Debug|x64.ActiveCfg = Debug|Any CPU
		{4D3E603D-EA7D-4586-AC95-9C3CE3717721}.Debug|x64.Build.0 = Debug|Any CPU
		{4D3E603D-EA7D-4586-AC95-9C3CE3717721}.Debug|x86.ActiveCfg = Debug|Any CPU
		{4D3E603D-EA7D-4586-AC95-9C3CE3717721}.Debug|x86.Build.0 = Debug|Any CPU
		{4D3E603D-EA7D-4586-AC95-9C3CE3717721}.Release|Any CPU.ActiveCfg = Release|Any CPU
		{4D3E603D-EA7D-4586-AC95-9C3CE3717721}.Release|Any CPU.Build.0 = Release|Any CPU
		{4D3E603D-EA7D-4586-AC95-9C3CE3717721}.Release|x64.ActiveCfg = Release|Any CPU
		{4D3E603D-EA7D-4586-AC95-9C3CE3717721}.Release|x64.Build.0 = Release|Any CPU
		{4D3E603D-EA7D-4586-AC95-9C3CE3717721}.Release|x86.ActiveCfg = Release|Any CPU
		{4D3E603D-EA7D-4586-AC95-9C3CE3717721}.Release|x86.Build.0 = Release|Any CPU
		{B316E85B-1171-4791-8DBE-23412F05D60B}.Debug|Any CPU.ActiveCfg = Debug|Any CPU
		{B316E85B-1171-4791-8DBE-23412F05D60B}.Debug|Any CPU.Build.0 = Debug|Any CPU
		{B316E85B-1171-4791-8DBE-23412F05D60B}.Debug|x64.ActiveCfg = Debug|Any CPU
		{B316E85B-1171-4791-8DBE-23412F05D60B}.Debug|x64.Build.0 = Debug|Any CPU
		{B316E85B-1171-4791-8DBE-23412F05D60B}.Debug|x86.ActiveCfg = Debug|Any CPU
		{B316E85B-1171-4791-8DBE-23412F05D60B}.Debug|x86.Build.0 = Debug|Any CPU
		{B316E85B-1171-4791-8DBE-23412F05D60B}.Release|Any CPU.ActiveCfg = Release|Any CPU
		{B316E85B-1171-4791-8DBE-23412F05D60B}.Release|Any CPU.Build.0 = Release|Any CPU
		{B316E85B-1171-4791-8DBE-23412F05D60B}.Release|x64.ActiveCfg = Release|Any CPU
		{B316E85B-1171-4791-8DBE-23412F05D60B}.Release|x64.Build.0 = Release|Any CPU
		{B316E85B-1171-4791-8DBE-23412F05D60B}.Release|x86.ActiveCfg = Release|Any CPU
		{B316E85B-1171-4791-8DBE-23412F05D60B}.Release|x86.Build.0 = Release|Any CPU
		{AC3999CA-4D11-4044-9235-477FB3719CBC}.Debug|Any CPU.ActiveCfg = Debug|Any CPU
		{AC3999CA-4D11-4044-9235-477FB3719CBC}.Debug|Any CPU.Build.0 = Debug|Any CPU
		{AC3999CA-4D11-4044-9235-477FB3719CBC}.Debug|x64.ActiveCfg = Debug|Any CPU
		{AC3999CA-4D11-4044-9235-477FB3719CBC}.Debug|x64.Build.0 = Debug|Any CPU
		{AC3999CA-4D11-4044-9235-477FB3719CBC}.Debug|x86.ActiveCfg = Debug|Any CPU
		{AC3999CA-4D11-4044-9235-477FB3719CBC}.Debug|x86.Build.0 = Debug|Any CPU
		{AC3999CA-4D11-4044-9235-477FB3719CBC}.Release|Any CPU.ActiveCfg = Release|Any CPU
		{AC3999CA-4D11-4044-9235-477FB3719CBC}.Release|Any CPU.Build.0 = Release|Any CPU
		{AC3999CA-4D11-4044-9235-477FB3719CBC}.Release|x64.ActiveCfg = Release|Any CPU
		{AC3999CA-4D11-4044-9235-477FB3719CBC}.Release|x64.Build.0 = Release|Any CPU
		{AC3999CA-4D11-4044-9235-477FB3719CBC}.Release|x86.ActiveCfg = Release|Any CPU
		{AC3999CA-4D11-4044-9235-477FB3719CBC}.Release|x86.Build.0 = Release|Any CPU
		{0CAD7ECD-E55E-4447-AC98-A6893C903CC0}.Debug|Any CPU.ActiveCfg = Debug|Any CPU
		{0CAD7ECD-E55E-4447-AC98-A6893C903CC0}.Debug|Any CPU.Build.0 = Debug|Any CPU
		{0CAD7ECD-E55E-4447-AC98-A6893C903CC0}.Debug|x64.ActiveCfg = Debug|Any CPU
		{0CAD7ECD-E55E-4447-AC98-A6893C903CC0}.Debug|x64.Build.0 = Debug|Any CPU
		{0CAD7ECD-E55E-4447-AC98-A6893C903CC0}.Debug|x86.ActiveCfg = Debug|Any CPU
		{0CAD7ECD-E55E-4447-AC98-A6893C903CC0}.Debug|x86.Build.0 = Debug|Any CPU
		{0CAD7ECD-E55E-4447-AC98-A6893C903CC0}.Release|Any CPU.ActiveCfg = Release|Any CPU
		{0CAD7ECD-E55E-4447-AC98-A6893C903CC0}.Release|Any CPU.Build.0 = Release|Any CPU
		{0CAD7ECD-E55E-4447-AC98-A6893C903CC0}.Release|x64.ActiveCfg = Release|Any CPU
		{0CAD7ECD-E55E-4447-AC98-A6893C903CC0}.Release|x64.Build.0 = Release|Any CPU
		{0CAD7ECD-E55E-4447-AC98-A6893C903CC0}.Release|x86.ActiveCfg = Release|Any CPU
		{0CAD7ECD-E55E-4447-AC98-A6893C903CC0}.Release|x86.Build.0 = Release|Any CPU
		{C5C4D109-A6F6-463E-9A43-019214D86904}.Debug|Any CPU.ActiveCfg = Debug|Any CPU
		{C5C4D109-A6F6-463E-9A43-019214D86904}.Debug|Any CPU.Build.0 = Debug|Any CPU
		{C5C4D109-A6F6-463E-9A43-019214D86904}.Debug|x64.ActiveCfg = Debug|Any CPU
		{C5C4D109-A6F6-463E-9A43-019214D86904}.Debug|x64.Build.0 = Debug|Any CPU
		{C5C4D109-A6F6-463E-9A43-019214D86904}.Debug|x86.ActiveCfg = Debug|Any CPU
		{C5C4D109-A6F6-463E-9A43-019214D86904}.Debug|x86.Build.0 = Debug|Any CPU
		{C5C4D109-A6F6-463E-9A43-019214D86904}.Release|Any CPU.ActiveCfg = Release|Any CPU
		{C5C4D109-A6F6-463E-9A43-019214D86904}.Release|Any CPU.Build.0 = Release|Any CPU
		{C5C4D109-A6F6-463E-9A43-019214D86904}.Release|x64.ActiveCfg = Release|Any CPU
		{C5C4D109-A6F6-463E-9A43-019214D86904}.Release|x64.Build.0 = Release|Any CPU
		{C5C4D109-A6F6-463E-9A43-019214D86904}.Release|x86.ActiveCfg = Release|Any CPU
		{C5C4D109-A6F6-463E-9A43-019214D86904}.Release|x86.Build.0 = Release|Any CPU
		{32201B38-56D9-46A1-879A-A9BA0CDEC516}.Debug|Any CPU.ActiveCfg = Debug|Any CPU
		{32201B38-56D9-46A1-879A-A9BA0CDEC516}.Debug|Any CPU.Build.0 = Debug|Any CPU
		{32201B38-56D9-46A1-879A-A9BA0CDEC516}.Debug|x64.ActiveCfg = Debug|Any CPU
		{32201B38-56D9-46A1-879A-A9BA0CDEC516}.Debug|x64.Build.0 = Debug|Any CPU
		{32201B38-56D9-46A1-879A-A9BA0CDEC516}.Debug|x86.ActiveCfg = Debug|Any CPU
		{32201B38-56D9-46A1-879A-A9BA0CDEC516}.Debug|x86.Build.0 = Debug|Any CPU
		{32201B38-56D9-46A1-879A-A9BA0CDEC516}.Release|Any CPU.ActiveCfg = Release|Any CPU
		{32201B38-56D9-46A1-879A-A9BA0CDEC516}.Release|Any CPU.Build.0 = Release|Any CPU
		{32201B38-56D9-46A1-879A-A9BA0CDEC516}.Release|x64.ActiveCfg = Release|Any CPU
		{32201B38-56D9-46A1-879A-A9BA0CDEC516}.Release|x64.Build.0 = Release|Any CPU
		{32201B38-56D9-46A1-879A-A9BA0CDEC516}.Release|x86.ActiveCfg = Release|Any CPU
		{32201B38-56D9-46A1-879A-A9BA0CDEC516}.Release|x86.Build.0 = Release|Any CPU
	EndGlobalSection
	GlobalSection(SolutionProperties) = preSolution
		HideSolutionNode = FALSE
	EndGlobalSection
	GlobalSection(NestedProjects) = preSolution
		{19B8DB26-0036-3344-3CB1-525498E7DEB6} = {0E4B76DB-2928-D2DB-50E7-675EC558DD98}
		{E12A579A-FC4D-036E-FC04-65A50936A0DE} = {FBF56CC3-7AE6-AD2D-3F14-7F97FD322CD6}
		{36F033D6-73E6-46EE-943C-B84A41EAF744} = {E12A579A-FC4D-036E-FC04-65A50936A0DE}
		{07181DC8-08C3-4FE0-BFDE-3033C47D98B6} = {E12A579A-FC4D-036E-FC04-65A50936A0DE}
		{BF9E48C0-540A-8659-238F-508DAA36C929} = {FBF56CC3-7AE6-AD2D-3F14-7F97FD322CD6}
		{A96C90D5-FF26-4388-B4DA-6D5828ED7EED} = {BF9E48C0-540A-8659-238F-508DAA36C929}
		{0DE9EBC5-61C8-41CB-BD59-15D45A85F82A} = {BF9E48C0-540A-8659-238F-508DAA36C929}
		{619D0779-12AD-93E9-9F71-8F763DE1FC31} = {FBF56CC3-7AE6-AD2D-3F14-7F97FD322CD6}
		{0E4B76DB-2928-D2DB-50E7-675EC558DD98} = {619D0779-12AD-93E9-9F71-8F763DE1FC31}
		{91A7548F-05EA-7896-024B-6AB04DE2FD94} = {FBF56CC3-7AE6-AD2D-3F14-7F97FD322CD6}
		{CBEE9053-C2C5-5643-D2B0-60D4834AB7A5} = {91A7548F-05EA-7896-024B-6AB04DE2FD94}
		{22992788-451D-4587-8A74-AF3B0B9B084D} = {CBEE9053-C2C5-5643-D2B0-60D4834AB7A5}
		{893DE683-2FE6-C899-4E91-2339C7704BB2} = {91A7548F-05EA-7896-024B-6AB04DE2FD94}
		{D2F99286-8BC6-417F-8BD7-D5FD146EC1FE} = {893DE683-2FE6-C899-4E91-2339C7704BB2}
		{58BB8306-9DA0-86C6-6588-4C1B93D37A3C} = {91A7548F-05EA-7896-024B-6AB04DE2FD94}
		{EFF7F836-4F1C-443E-BAFD-A779E5D02262} = {58BB8306-9DA0-86C6-6588-4C1B93D37A3C}
		{5437001E-71C5-7795-427E-12516BF3DE48} = {91A7548F-05EA-7896-024B-6AB04DE2FD94}
		{950E01A9-F3DD-43E2-9B39-AC829E510C24} = {5437001E-71C5-7795-427E-12516BF3DE48}
		{674E1C39-CD48-4E40-983A-635B8C910368} = {5437001E-71C5-7795-427E-12516BF3DE48}
		{9CB9871A-74EE-40A5-B65B-7F1F89815089} = {5437001E-71C5-7795-427E-12516BF3DE48}
		{86927433-4498-5B57-4B9A-98E7BAB0594A} = {FBF56CC3-7AE6-AD2D-3F14-7F97FD322CD6}
		{4652C004-A38D-4F48-B9B4-99B4E2ACE768} = {86927433-4498-5B57-4B9A-98E7BAB0594A}
		{4E0EE599-5AAE-4FC7-B4B9-7E724EF4A02F} = {86927433-4498-5B57-4B9A-98E7BAB0594A}
		{02EA681E-C7D8-13C7-8484-4AC65E1B71E8} = {C86BFEDD-325B-49FF-A042-B8C56FDC7436}
		{5908E537-FB44-4BA6-8664-85F07036B885} = {02EA681E-C7D8-13C7-8484-4AC65E1B71E8}
		{B9F6BBCE-786F-4563-A5E5-E7E37199D9F4} = {02EA681E-C7D8-13C7-8484-4AC65E1B71E8}
		{095322B7-443B-4B93-9C4C-DB6AFE4A11A1} = {02EA681E-C7D8-13C7-8484-4AC65E1B71E8}
		{7EFC69AA-9CC6-4314-9AB7-F04B2D393ADE} = {C86BFEDD-325B-49FF-A042-B8C56FDC7436}
		{5C691E48-3EF3-4642-8944-3197711A9FAE} = {C86BFEDD-325B-49FF-A042-B8C56FDC7436}
		{24BB1521-4546-C57F-4285-6704E5A42520} = {5908E537-FB44-4BA6-8664-85F07036B885}
		{4D3E603D-EA7D-4586-AC95-9C3CE3717721} = {DF62746D-1FFF-4A63-906B-0FA2CBFDFEE9}
		{B316E85B-1171-4791-8DBE-23412F05D60B} = {DF62746D-1FFF-4A63-906B-0FA2CBFDFEE9}
		{AC3999CA-4D11-4044-9235-477FB3719CBC} = {5D943D71-FDBB-40EC-B60D-48271607A16C}
		{0CAD7ECD-E55E-4447-AC98-A6893C903CC0} = {5D943D71-FDBB-40EC-B60D-48271607A16C}
		{6B3B5F84-D5A2-49A9-89C6-2D6D9115D5EA} = {F59CDF19-4EF2-4A71-B373-D1D7408158D7}
		{CFFAB233-F9D1-40A2-BF33-E34569E3AC8C} = {F59CDF19-4EF2-4A71-B373-D1D7408158D7}
		{C5C4D109-A6F6-463E-9A43-019214D86904} = {6B3B5F84-D5A2-49A9-89C6-2D6D9115D5EA}
		{32201B38-56D9-46A1-879A-A9BA0CDEC516} = {CFFAB233-F9D1-40A2-BF33-E34569E3AC8C}
	EndGlobalSection
	GlobalSection(ExtensibilityGlobals) = postSolution
		SolutionGuid = {A5E7904F-45E1-4261-AD15-E940047E3EA8}
	EndGlobalSection
EndGlobal
