
Microsoft Visual Studio Solution File, Format Version 12.00
# Visual Studio Version 17
VisualStudioVersion = 17.14.36109.1
MinimumVisualStudioVersion = 10.0.40219.1
Project("{FAE04EC0-301F-11D3-BF4B-00C04F79EFBC}") = "BusinessA.Api", "BusinessA.Api\BusinessA.Api.csproj", "{50355A58-9130-4336-9058-1AF5B24537ED}"
EndProject
Project("{FAE04EC0-301F-11D3-BF4B-00C04F79EFBC}") = "Infrastructure.Services.Abstractions", "Core\Infrastructure\Service\Infrastructure.Services.Abstractions\Infrastructure.Services.Abstractions.csproj", "{19B8DB26-0036-3344-3CB1-525498E7DEB6}"
EndProject
Project("{2150E333-8FDC-42A3-9474-1A3956D46DE8}") = "Core", "Core", "{FBF56CC3-7AE6-AD2D-3F14-7F97FD322CD6}"
EndProject
Project("{2150E333-8FDC-42A3-9474-1A3956D46DE8}") = "Application", "Application", "{E12A579A-FC4D-036E-FC04-65A50936A0DE}"
EndProject
Project("{FAE04EC0-301F-11D3-BF4B-00C04F79EFBC}") = "Application", "Core\Application\Application\Application.csproj", "{36F033D6-73E6-46EE-943C-B84A41EAF744}"
EndProject
Project("{FAE04EC0-301F-11D3-BF4B-00C04F79EFBC}") = "Application.Shared", "Core\Application\Application.Shared\Application.Shared.csproj", "{07181DC8-08C3-4FE0-BFDE-3033C47D98B6}"
EndProject
Project("{2150E333-8FDC-42A3-9474-1A3956D46DE8}") = "Domain", "Domain", "{BF9E48C0-540A-8659-238F-508DAA36C929}"
EndProject
Project("{FAE04EC0-301F-11D3-BF4B-00C04F79EFBC}") = "Domain", "Core\Domain\Domain\Domain.csproj", "{A96C90D5-FF26-4388-B4DA-6D5828ED7EED}"
EndProject
Project("{FAE04EC0-301F-11D3-BF4B-00C04F79EFBC}") = "Domain.Shared", "Core\Domain\Domain.Shared\Domain.Shared.csproj", "{0DE9EBC5-61C8-41CB-BD59-15D45A85F82A}"
EndProject
Project("{2150E333-8FDC-42A3-9474-1A3956D46DE8}") = "Infrastructure", "Infrastructure", "{619D0779-12AD-93E9-9F71-8F763DE1FC31}"
EndProject
Project("{2150E333-8FDC-42A3-9474-1A3956D46DE8}") = "Service", "Service", "{0E4B76DB-2928-D2DB-50E7-675EC558DD98}"
EndProject
Project("{2150E333-8FDC-42A3-9474-1A3956D46DE8}") = "Modules", "Modules", "{91A7548F-05EA-7896-024B-6AB04DE2FD94}"
EndProject
Project("{2150E333-8FDC-42A3-9474-1A3956D46DE8}") = "Authentication", "Authentication", "{CBEE9053-C2C5-5643-D2B0-60D4834AB7A5}"
EndProject
Project("{FAE04EC0-301F-11D3-BF4B-00C04F79EFBC}") = "Modules.Authentication.Abstractions", "Core\Modules\Authentication\Modules.Authentication.Abstractions\Modules.Authentication.Abstractions.csproj", "{22992788-451D-4587-8A74-AF3B0B9B084D}"
EndProject
Project("{2150E333-8FDC-42A3-9474-1A3956D46DE8}") = "Document", "Document", "{893DE683-2FE6-C899-4E91-2339C7704BB2}"
EndProject
Project("{FAE04EC0-301F-11D3-BF4B-00C04F79EFBC}") = "Modules.Document.Abstractions", "Core\Modules\Document\Modules.Document.Abstractions\Modules.Document.Abstractions.csproj", "{D2F99286-8BC6-417F-8BD7-D5FD146EC1FE}"
EndProject
Project("{2150E333-8FDC-42A3-9474-1A3956D46DE8}") = "Localization", "Localization", "{58BB8306-9DA0-86C6-6588-4C1B93D37A3C}"
EndProject
Project("{FAE04EC0-301F-11D3-BF4B-00C04F79EFBC}") = "Modules.Localization.Abstractions", "Core\Modules\Localization\Modules.Localization.Abstractions\Modules.Localization.Abstractions.csproj", "{EFF7F836-4F1C-443E-BAFD-A779E5D02262}"
EndProject
Project("{2150E333-8FDC-42A3-9474-1A3956D46DE8}") = "Storage", "Storage", "{5437001E-71C5-7795-427E-12516BF3DE48}"
EndProject
Project("{FAE04EC0-301F-11D3-BF4B-00C04F79EFBC}") = "Modules.Storage.Abstractions", "Core\Modules\Storage\Modules.Storage.Abstractions\Modules.Storage.Abstractions.csproj", "{950E01A9-F3DD-43E2-9B39-AC829E510C24}"
EndProject
Project("{FAE04EC0-301F-11D3-BF4B-00C04F79EFBC}") = "Modules.Storage.Azure", "Core\Modules\Storage\Modules.Storage.Azure\Modules.Storage.Azure.csproj", "{674E1C39-CD48-4E40-983A-635B8C910368}"
EndProject
Project("{FAE04EC0-301F-11D3-BF4B-00C04F79EFBC}") = "Modules.Storage.Local", "Core\Modules\Storage\Modules.Storage.Local\Modules.Storage.Local.csproj", "{9CB9871A-74EE-40A5-B65B-7F1F89815089}"
EndProject
Project("{2150E333-8FDC-42A3-9474-1A3956D46DE8}") = "Web", "Web", "{86927433-4498-5B57-4B9A-98E7BAB0594A}"
EndProject
Project("{FAE04EC0-301F-11D3-BF4B-00C04F79EFBC}") = "Web.Api.Common", "Core\Web\Web.Api.Common\Web.Api.Common.csproj", "{4652C004-A38D-4F48-B9B4-99B4E2ACE768}"
EndProject
Project("{FAE04EC0-301F-11D3-BF4B-00C04F79EFBC}") = "Web.Common", "Core\Web\Web.Common\Web.Common.csproj", "{4E0EE599-5AAE-4FC7-B4B9-7E724EF4A02F}"
EndProject
Global
	GlobalSection(SolutionConfigurationPlatforms) = preSolution
		Debug|Any CPU = Debug|Any CPU
		Debug|x64 = Debug|x64
		Debug|x86 = Debug|x86
		Release|Any CPU = Release|Any CPU
		Release|x64 = Release|x64
		Release|x86 = Release|x86
	EndGlobalSection
	GlobalSection(ProjectConfigurationPlatforms) = postSolution
		{50355A58-9130-4336-9058-1AF5B24537ED}.Debug|Any CPU.ActiveCfg = Debug|Any CPU
		{50355A58-9130-4336-9058-1AF5B24537ED}.Debug|Any CPU.Build.0 = Debug|Any CPU
		{50355A58-9130-4336-9058-1AF5B24537ED}.Debug|x64.ActiveCfg = Debug|Any CPU
		{50355A58-9130-4336-9058-1AF5B24537ED}.Debug|x64.Build.0 = Debug|Any CPU
		{50355A58-9130-4336-9058-1AF5B24537ED}.Debug|x86.ActiveCfg = Debug|Any CPU
		{50355A58-9130-4336-9058-1AF5B24537ED}.Debug|x86.Build.0 = Debug|Any CPU
		{50355A58-9130-4336-9058-1AF5B24537ED}.Release|Any CPU.ActiveCfg = Release|Any CPU
		{50355A58-9130-4336-9058-1AF5B24537ED}.Release|Any CPU.Build.0 = Release|Any CPU
		{50355A58-9130-4336-9058-1AF5B24537ED}.Release|x64.ActiveCfg = Release|Any CPU
		{50355A58-9130-4336-9058-1AF5B24537ED}.Release|x64.Build.0 = Release|Any CPU
		{50355A58-9130-4336-9058-1AF5B24537ED}.Release|x86.ActiveCfg = Release|Any CPU
		{50355A58-9130-4336-9058-1AF5B24537ED}.Release|x86.Build.0 = Release|Any CPU
		{19B8DB26-0036-3344-3CB1-525498E7DEB6}.Debug|Any CPU.ActiveCfg = Debug|Any CPU
		{19B8DB26-0036-3344-3CB1-525498E7DEB6}.Debug|Any CPU.Build.0 = Debug|Any CPU
		{19B8DB26-0036-3344-3CB1-525498E7DEB6}.Debug|x64.ActiveCfg = Debug|Any CPU
		{19B8DB26-0036-3344-3CB1-525498E7DEB6}.Debug|x64.Build.0 = Debug|Any CPU
		{19B8DB26-0036-3344-3CB1-525498E7DEB6}.Debug|x86.ActiveCfg = Debug|Any CPU
		{19B8DB26-0036-3344-3CB1-525498E7DEB6}.Debug|x86.Build.0 = Debug|Any CPU
		{19B8DB26-0036-3344-3CB1-525498E7DEB6}.Release|Any CPU.ActiveCfg = Release|Any CPU
		{19B8DB26-0036-3344-3CB1-525498E7DEB6}.Release|Any CPU.Build.0 = Release|Any CPU
		{19B8DB26-0036-3344-3CB1-525498E7DEB6}.Release|x64.ActiveCfg = Release|Any CPU
		{19B8DB26-0036-3344-3CB1-525498E7DEB6}.Release|x64.Build.0 = Release|Any CPU
		{19B8DB26-0036-3344-3CB1-525498E7DEB6}.Release|x86.ActiveCfg = Release|Any CPU
		{19B8DB26-0036-3344-3CB1-525498E7DEB6}.Release|x86.Build.0 = Release|Any CPU
		{36F033D6-73E6-46EE-943C-B84A41EAF744}.Debug|Any CPU.ActiveCfg = Debug|Any CPU
		{36F033D6-73E6-46EE-943C-B84A41EAF744}.Debug|Any CPU.Build.0 = Debug|Any CPU
		{36F033D6-73E6-46EE-943C-B84A41EAF744}.Debug|x64.ActiveCfg = Debug|Any CPU
		{36F033D6-73E6-46EE-943C-B84A41EAF744}.Debug|x64.Build.0 = Debug|Any CPU
		{36F033D6-73E6-46EE-943C-B84A41EAF744}.Debug|x86.ActiveCfg = Debug|Any CPU
		{36F033D6-73E6-46EE-943C-B84A41EAF744}.Debug|x86.Build.0 = Debug|Any CPU
		{36F033D6-73E6-46EE-943C-B84A41EAF744}.Release|Any CPU.ActiveCfg = Release|Any CPU
		{36F033D6-73E6-46EE-943C-B84A41EAF744}.Release|Any CPU.Build.0 = Release|Any CPU
		{36F033D6-73E6-46EE-943C-B84A41EAF744}.Release|x64.ActiveCfg = Release|Any CPU
		{36F033D6-73E6-46EE-943C-B84A41EAF744}.Release|x64.Build.0 = Release|Any CPU
		{36F033D6-73E6-46EE-943C-B84A41EAF744}.Release|x86.ActiveCfg = Release|Any CPU
		{36F033D6-73E6-46EE-943C-B84A41EAF744}.Release|x86.Build.0 = Release|Any CPU
		{07181DC8-08C3-4FE0-BFDE-3033C47D98B6}.Debug|Any CPU.ActiveCfg = Debug|Any CPU
		{07181DC8-08C3-4FE0-BFDE-3033C47D98B6}.Debug|Any CPU.Build.0 = Debug|Any CPU
		{07181DC8-08C3-4FE0-BFDE-3033C47D98B6}.Debug|x64.ActiveCfg = Debug|Any CPU
		{07181DC8-08C3-4FE0-BFDE-3033C47D98B6}.Debug|x64.Build.0 = Debug|Any CPU
		{07181DC8-08C3-4FE0-BFDE-3033C47D98B6}.Debug|x86.ActiveCfg = Debug|Any CPU
		{07181DC8-08C3-4FE0-BFDE-3033C47D98B6}.Debug|x86.Build.0 = Debug|Any CPU
		{07181DC8-08C3-4FE0-BFDE-3033C47D98B6}.Release|Any CPU.ActiveCfg = Release|Any CPU
		{07181DC8-08C3-4FE0-BFDE-3033C47D98B6}.Release|Any CPU.Build.0 = Release|Any CPU
		{07181DC8-08C3-4FE0-BFDE-3033C47D98B6}.Release|x64.ActiveCfg = Release|Any CPU
		{07181DC8-08C3-4FE0-BFDE-3033C47D98B6}.Release|x64.Build.0 = Release|Any CPU
		{07181DC8-08C3-4FE0-BFDE-3033C47D98B6}.Release|x86.ActiveCfg = Release|Any CPU
		{07181DC8-08C3-4FE0-BFDE-3033C47D98B6}.Release|x86.Build.0 = Release|Any CPU
		{A96C90D5-FF26-4388-B4DA-6D5828ED7EED}.Debug|Any CPU.ActiveCfg = Debug|Any CPU
		{A96C90D5-FF26-4388-B4DA-6D5828ED7EED}.Debug|Any CPU.Build.0 = Debug|Any CPU
		{A96C90D5-FF26-4388-B4DA-6D5828ED7EED}.Debug|x64.ActiveCfg = Debug|Any CPU
		{A96C90D5-FF26-4388-B4DA-6D5828ED7EED}.Debug|x64.Build.0 = Debug|Any CPU
		{A96C90D5-FF26-4388-B4DA-6D5828ED7EED}.Debug|x86.ActiveCfg = Debug|Any CPU
		{A96C90D5-FF26-4388-B4DA-6D5828ED7EED}.Debug|x86.Build.0 = Debug|Any CPU
		{A96C90D5-FF26-4388-B4DA-6D5828ED7EED}.Release|Any CPU.ActiveCfg = Release|Any CPU
		{A96C90D5-FF26-4388-B4DA-6D5828ED7EED}.Release|Any CPU.Build.0 = Release|Any CPU
		{A96C90D5-FF26-4388-B4DA-6D5828ED7EED}.Release|x64.ActiveCfg = Release|Any CPU
		{A96C90D5-FF26-4388-B4DA-6D5828ED7EED}.Release|x64.Build.0 = Release|Any CPU
		{A96C90D5-FF26-4388-B4DA-6D5828ED7EED}.Release|x86.ActiveCfg = Release|Any CPU
		{A96C90D5-FF26-4388-B4DA-6D5828ED7EED}.Release|x86.Build.0 = Release|Any CPU
		{0DE9EBC5-61C8-41CB-BD59-15D45A85F82A}.Debug|Any CPU.ActiveCfg = Debug|Any CPU
		{0DE9EBC5-61C8-41CB-BD59-15D45A85F82A}.Debug|Any CPU.Build.0 = Debug|Any CPU
		{0DE9EBC5-61C8-41CB-BD59-15D45A85F82A}.Debug|x64.ActiveCfg = Debug|Any CPU
		{0DE9EBC5-61C8-41CB-BD59-15D45A85F82A}.Debug|x64.Build.0 = Debug|Any CPU
		{0DE9EBC5-61C8-41CB-BD59-15D45A85F82A}.Debug|x86.ActiveCfg = Debug|Any CPU
		{0DE9EBC5-61C8-41CB-BD59-15D45A85F82A}.Debug|x86.Build.0 = Debug|Any CPU
		{0DE9EBC5-61C8-41CB-BD59-15D45A85F82A}.Release|Any CPU.ActiveCfg = Release|Any CPU
		{0DE9EBC5-61C8-41CB-BD59-15D45A85F82A}.Release|Any CPU.Build.0 = Release|Any CPU
		{0DE9EBC5-61C8-41CB-BD59-15D45A85F82A}.Release|x64.ActiveCfg = Release|Any CPU
		{0DE9EBC5-61C8-41CB-BD59-15D45A85F82A}.Release|x64.Build.0 = Release|Any CPU
		{0DE9EBC5-61C8-41CB-BD59-15D45A85F82A}.Release|x86.ActiveCfg = Release|Any CPU
		{0DE9EBC5-61C8-41CB-BD59-15D45A85F82A}.Release|x86.Build.0 = Release|Any CPU
		{22992788-451D-4587-8A74-AF3B0B9B084D}.Debug|Any CPU.ActiveCfg = Debug|Any CPU
		{22992788-451D-4587-8A74-AF3B0B9B084D}.Debug|Any CPU.Build.0 = Debug|Any CPU
		{22992788-451D-4587-8A74-AF3B0B9B084D}.Debug|x64.ActiveCfg = Debug|Any CPU
		{22992788-451D-4587-8A74-AF3B0B9B084D}.Debug|x64.Build.0 = Debug|Any CPU
		{22992788-451D-4587-8A74-AF3B0B9B084D}.Debug|x86.ActiveCfg = Debug|Any CPU
		{22992788-451D-4587-8A74-AF3B0B9B084D}.Debug|x86.Build.0 = Debug|Any CPU
		{22992788-451D-4587-8A74-AF3B0B9B084D}.Release|Any CPU.ActiveCfg = Release|Any CPU
		{22992788-451D-4587-8A74-AF3B0B9B084D}.Release|Any CPU.Build.0 = Release|Any CPU
		{22992788-451D-4587-8A74-AF3B0B9B084D}.Release|x64.ActiveCfg = Release|Any CPU
		{22992788-451D-4587-8A74-AF3B0B9B084D}.Release|x64.Build.0 = Release|Any CPU
		{22992788-451D-4587-8A74-AF3B0B9B084D}.Release|x86.ActiveCfg = Release|Any CPU
		{22992788-451D-4587-8A74-AF3B0B9B084D}.Release|x86.Build.0 = Release|Any CPU
		{D2F99286-8BC6-417F-8BD7-D5FD146EC1FE}.Debug|Any CPU.ActiveCfg = Debug|Any CPU
		{D2F99286-8BC6-417F-8BD7-D5FD146EC1FE}.Debug|Any CPU.Build.0 = Debug|Any CPU
		{D2F99286-8BC6-417F-8BD7-D5FD146EC1FE}.Debug|x64.ActiveCfg = Debug|Any CPU
		{D2F99286-8BC6-417F-8BD7-D5FD146EC1FE}.Debug|x64.Build.0 = Debug|Any CPU
		{D2F99286-8BC6-417F-8BD7-D5FD146EC1FE}.Debug|x86.ActiveCfg = Debug|Any CPU
		{D2F99286-8BC6-417F-8BD7-D5FD146EC1FE}.Debug|x86.Build.0 = Debug|Any CPU
		{D2F99286-8BC6-417F-8BD7-D5FD146EC1FE}.Release|Any CPU.ActiveCfg = Release|Any CPU
		{D2F99286-8BC6-417F-8BD7-D5FD146EC1FE}.Release|Any CPU.Build.0 = Release|Any CPU
		{D2F99286-8BC6-417F-8BD7-D5FD146EC1FE}.Release|x64.ActiveCfg = Release|Any CPU
		{D2F99286-8BC6-417F-8BD7-D5FD146EC1FE}.Release|x64.Build.0 = Release|Any CPU
		{D2F99286-8BC6-417F-8BD7-D5FD146EC1FE}.Release|x86.ActiveCfg = Release|Any CPU
		{D2F99286-8BC6-417F-8BD7-D5FD146EC1FE}.Release|x86.Build.0 = Release|Any CPU
		{EFF7F836-4F1C-443E-BAFD-A779E5D02262}.Debug|Any CPU.ActiveCfg = Debug|Any CPU
		{EFF7F836-4F1C-443E-BAFD-A779E5D02262}.Debug|Any CPU.Build.0 = Debug|Any CPU
		{EFF7F836-4F1C-443E-BAFD-A779E5D02262}.Debug|x64.ActiveCfg = Debug|Any CPU
		{EFF7F836-4F1C-443E-BAFD-A779E5D02262}.Debug|x64.Build.0 = Debug|Any CPU
		{EFF7F836-4F1C-443E-BAFD-A779E5D02262}.Debug|x86.ActiveCfg = Debug|Any CPU
		{EFF7F836-4F1C-443E-BAFD-A779E5D02262}.Debug|x86.Build.0 = Debug|Any CPU
		{EFF7F836-4F1C-443E-BAFD-A779E5D02262}.Release|Any CPU.ActiveCfg = Release|Any CPU
		{EFF7F836-4F1C-443E-BAFD-A779E5D02262}.Release|Any CPU.Build.0 = Release|Any CPU
		{EFF7F836-4F1C-443E-BAFD-A779E5D02262}.Release|x64.ActiveCfg = Release|Any CPU
		{EFF7F836-4F1C-443E-BAFD-A779E5D02262}.Release|x64.Build.0 = Release|Any CPU
		{EFF7F836-4F1C-443E-BAFD-A779E5D02262}.Release|x86.ActiveCfg = Release|Any CPU
		{EFF7F836-4F1C-443E-BAFD-A779E5D02262}.Release|x86.Build.0 = Release|Any CPU
		{950E01A9-F3DD-43E2-9B39-AC829E510C24}.Debug|Any CPU.ActiveCfg = Debug|Any CPU
		{950E01A9-F3DD-43E2-9B39-AC829E510C24}.Debug|Any CPU.Build.0 = Debug|Any CPU
		{950E01A9-F3DD-43E2-9B39-AC829E510C24}.Debug|x64.ActiveCfg = Debug|Any CPU
		{950E01A9-F3DD-43E2-9B39-AC829E510C24}.Debug|x64.Build.0 = Debug|Any CPU
		{950E01A9-F3DD-43E2-9B39-AC829E510C24}.Debug|x86.ActiveCfg = Debug|Any CPU
		{950E01A9-F3DD-43E2-9B39-AC829E510C24}.Debug|x86.Build.0 = Debug|Any CPU
		{950E01A9-F3DD-43E2-9B39-AC829E510C24}.Release|Any CPU.ActiveCfg = Release|Any CPU
		{950E01A9-F3DD-43E2-9B39-AC829E510C24}.Release|Any CPU.Build.0 = Release|Any CPU
		{950E01A9-F3DD-43E2-9B39-AC829E510C24}.Release|x64.ActiveCfg = Release|Any CPU
		{950E01A9-F3DD-43E2-9B39-AC829E510C24}.Release|x64.Build.0 = Release|Any CPU
		{950E01A9-F3DD-43E2-9B39-AC829E510C24}.Release|x86.ActiveCfg = Release|Any CPU
		{950E01A9-F3DD-43E2-9B39-AC829E510C24}.Release|x86.Build.0 = Release|Any CPU
		{674E1C39-CD48-4E40-983A-635B8C910368}.Debug|Any CPU.ActiveCfg = Debug|Any CPU
		{674E1C39-CD48-4E40-983A-635B8C910368}.Debug|Any CPU.Build.0 = Debug|Any CPU
		{674E1C39-CD48-4E40-983A-635B8C910368}.Debug|x64.ActiveCfg = Debug|Any CPU
		{674E1C39-CD48-4E40-983A-635B8C910368}.Debug|x64.Build.0 = Debug|Any CPU
		{674E1C39-CD48-4E40-983A-635B8C910368}.Debug|x86.ActiveCfg = Debug|Any CPU
		{674E1C39-CD48-4E40-983A-635B8C910368}.Debug|x86.Build.0 = Debug|Any CPU
		{674E1C39-CD48-4E40-983A-635B8C910368}.Release|Any CPU.ActiveCfg = Release|Any CPU
		{674E1C39-CD48-4E40-983A-635B8C910368}.Release|Any CPU.Build.0 = Release|Any CPU
		{674E1C39-CD48-4E40-983A-635B8C910368}.Release|x64.ActiveCfg = Release|Any CPU
		{674E1C39-CD48-4E40-983A-635B8C910368}.Release|x64.Build.0 = Release|Any CPU
		{674E1C39-CD48-4E40-983A-635B8C910368}.Release|x86.ActiveCfg = Release|Any CPU
		{674E1C39-CD48-4E40-983A-635B8C910368}.Release|x86.Build.0 = Release|Any CPU
		{9CB9871A-74EE-40A5-B65B-7F1F89815089}.Debug|Any CPU.ActiveCfg = Debug|Any CPU
		{9CB9871A-74EE-40A5-B65B-7F1F89815089}.Debug|Any CPU.Build.0 = Debug|Any CPU
		{9CB9871A-74EE-40A5-B65B-7F1F89815089}.Debug|x64.ActiveCfg = Debug|Any CPU
		{9CB9871A-74EE-40A5-B65B-7F1F89815089}.Debug|x64.Build.0 = Debug|Any CPU
		{9CB9871A-74EE-40A5-B65B-7F1F89815089}.Debug|x86.ActiveCfg = Debug|Any CPU
		{9CB9871A-74EE-40A5-B65B-7F1F89815089}.Debug|x86.Build.0 = Debug|Any CPU
		{9CB9871A-74EE-40A5-B65B-7F1F89815089}.Release|Any CPU.ActiveCfg = Release|Any CPU
		{9CB9871A-74EE-40A5-B65B-7F1F89815089}.Release|Any CPU.Build.0 = Release|Any CPU
		{9CB9871A-74EE-40A5-B65B-7F1F89815089}.Release|x64.ActiveCfg = Release|Any CPU
		{9CB9871A-74EE-40A5-B65B-7F1F89815089}.Release|x64.Build.0 = Release|Any CPU
		{9CB9871A-74EE-40A5-B65B-7F1F89815089}.Release|x86.ActiveCfg = Release|Any CPU
		{9CB9871A-74EE-40A5-B65B-7F1F89815089}.Release|x86.Build.0 = Release|Any CPU
		{4652C004-A38D-4F48-B9B4-99B4E2ACE768}.Debug|Any CPU.ActiveCfg = Debug|Any CPU
		{4652C004-A38D-4F48-B9B4-99B4E2ACE768}.Debug|Any CPU.Build.0 = Debug|Any CPU
		{4652C004-A38D-4F48-B9B4-99B4E2ACE768}.Debug|x64.ActiveCfg = Debug|Any CPU
		{4652C004-A38D-4F48-B9B4-99B4E2ACE768}.Debug|x64.Build.0 = Debug|Any CPU
		{4652C004-A38D-4F48-B9B4-99B4E2ACE768}.Debug|x86.ActiveCfg = Debug|Any CPU
		{4652C004-A38D-4F48-B9B4-99B4E2ACE768}.Debug|x86.Build.0 = Debug|Any CPU
		{4652C004-A38D-4F48-B9B4-99B4E2ACE768}.Release|Any CPU.ActiveCfg = Release|Any CPU
		{4652C004-A38D-4F48-B9B4-99B4E2ACE768}.Release|Any CPU.Build.0 = Release|Any CPU
		{4652C004-A38D-4F48-B9B4-99B4E2ACE768}.Release|x64.ActiveCfg = Release|Any CPU
		{4652C004-A38D-4F48-B9B4-99B4E2ACE768}.Release|x64.Build.0 = Release|Any CPU
		{4652C004-A38D-4F48-B9B4-99B4E2ACE768}.Release|x86.ActiveCfg = Release|Any CPU
		{4652C004-A38D-4F48-B9B4-99B4E2ACE768}.Release|x86.Build.0 = Release|Any CPU
		{4E0EE599-5AAE-4FC7-B4B9-7E724EF4A02F}.Debug|Any CPU.ActiveCfg = Debug|Any CPU
		{4E0EE599-5AAE-4FC7-B4B9-7E724EF4A02F}.Debug|Any CPU.Build.0 = Debug|Any CPU
		{4E0EE599-5AAE-4FC7-B4B9-7E724EF4A02F}.Debug|x64.ActiveCfg = Debug|Any CPU
		{4E0EE599-5AAE-4FC7-B4B9-7E724EF4A02F}.Debug|x64.Build.0 = Debug|Any CPU
		{4E0EE599-5AAE-4FC7-B4B9-7E724EF4A02F}.Debug|x86.ActiveCfg = Debug|Any CPU
		{4E0EE599-5AAE-4FC7-B4B9-7E724EF4A02F}.Debug|x86.Build.0 = Debug|Any CPU
		{4E0EE599-5AAE-4FC7-B4B9-7E724EF4A02F}.Release|Any CPU.ActiveCfg = Release|Any CPU
		{4E0EE599-5AAE-4FC7-B4B9-7E724EF4A02F}.Release|Any CPU.Build.0 = Release|Any CPU
		{4E0EE599-5AAE-4FC7-B4B9-7E724EF4A02F}.Release|x64.ActiveCfg = Release|Any CPU
		{4E0EE599-5AAE-4FC7-B4B9-7E724EF4A02F}.Release|x64.Build.0 = Release|Any CPU
		{4E0EE599-5AAE-4FC7-B4B9-7E724EF4A02F}.Release|x86.ActiveCfg = Release|Any CPU
		{4E0EE599-5AAE-4FC7-B4B9-7E724EF4A02F}.Release|x86.Build.0 = Release|Any CPU
	EndGlobalSection
	GlobalSection(SolutionProperties) = preSolution
		HideSolutionNode = FALSE
	EndGlobalSection
	GlobalSection(NestedProjects) = preSolution
		{E12A579A-FC4D-036E-FC04-65A50936A0DE} = {FBF56CC3-7AE6-AD2D-3F14-7F97FD322CD6}
		{36F033D6-73E6-46EE-943C-B84A41EAF744} = {E12A579A-FC4D-036E-FC04-65A50936A0DE}
		{07181DC8-08C3-4FE0-BFDE-3033C47D98B6} = {E12A579A-FC4D-036E-FC04-65A50936A0DE}
		{BF9E48C0-540A-8659-238F-508DAA36C929} = {FBF56CC3-7AE6-AD2D-3F14-7F97FD322CD6}
		{A96C90D5-FF26-4388-B4DA-6D5828ED7EED} = {BF9E48C0-540A-8659-238F-508DAA36C929}
		{0DE9EBC5-61C8-41CB-BD59-15D45A85F82A} = {BF9E48C0-540A-8659-238F-508DAA36C929}
		{619D0779-12AD-93E9-9F71-8F763DE1FC31} = {FBF56CC3-7AE6-AD2D-3F14-7F97FD322CD6}
		{0E4B76DB-2928-D2DB-50E7-675EC558DD98} = {619D0779-12AD-93E9-9F71-8F763DE1FC31}
		{91A7548F-05EA-7896-024B-6AB04DE2FD94} = {FBF56CC3-7AE6-AD2D-3F14-7F97FD322CD6}
		{CBEE9053-C2C5-5643-D2B0-60D4834AB7A5} = {91A7548F-05EA-7896-024B-6AB04DE2FD94}
		{22992788-451D-4587-8A74-AF3B0B9B084D} = {CBEE9053-C2C5-5643-D2B0-60D4834AB7A5}
		{893DE683-2FE6-C899-4E91-2339C7704BB2} = {91A7548F-05EA-7896-024B-6AB04DE2FD94}
		{D2F99286-8BC6-417F-8BD7-D5FD146EC1FE} = {893DE683-2FE6-C899-4E91-2339C7704BB2}
		{58BB8306-9DA0-86C6-6588-4C1B93D37A3C} = {91A7548F-05EA-7896-024B-6AB04DE2FD94}
		{EFF7F836-4F1C-443E-BAFD-A779E5D02262} = {58BB8306-9DA0-86C6-6588-4C1B93D37A3C}
		{5437001E-71C5-7795-427E-12516BF3DE48} = {91A7548F-05EA-7896-024B-6AB04DE2FD94}
		{950E01A9-F3DD-43E2-9B39-AC829E510C24} = {5437001E-71C5-7795-427E-12516BF3DE48}
		{674E1C39-CD48-4E40-983A-635B8C910368} = {5437001E-71C5-7795-427E-12516BF3DE48}
		{9CB9871A-74EE-40A5-B65B-7F1F89815089} = {5437001E-71C5-7795-427E-12516BF3DE48}
		{86927433-4498-5B57-4B9A-98E7BAB0594A} = {FBF56CC3-7AE6-AD2D-3F14-7F97FD322CD6}
		{4652C004-A38D-4F48-B9B4-99B4E2ACE768} = {86927433-4498-5B57-4B9A-98E7BAB0594A}
		{4E0EE599-5AAE-4FC7-B4B9-7E724EF4A02F} = {86927433-4498-5B57-4B9A-98E7BAB0594A}
	EndGlobalSection
	GlobalSection(ExtensibilityGlobals) = postSolution
		SolutionGuid = {A5E7904F-45E1-4261-AD15-E940047E3EA8}
	EndGlobalSection
EndGlobal
